
Microsoft Visual Studio Solution File, Format Version 12.00
# Visual Studio Version 16
VisualStudioVersion = 16.0.30804.86
MinimumVisualStudioVersion = 10.0.40219.1
Project("{9A19103F-16F7-4668-BE54-9A1E7A4F7556}") = "Samples.DI.Shared", "Samples.DI.Shared\Samples.DI.Shared.csproj", "{86A8D765-AD23-4907-86F8-B337CC50E7FC}"
EndProject
Project("{9A19103F-16F7-4668-BE54-9A1E7A4F7556}") = "Samples.DI.Registration.CastleWindsor", "Samples.DI.Registration.CastleWindsor\Samples.DI.Registration.CastleWindsor.csproj", "{5651270E-AD08-4F49-B5FE-C6105E1A0A09}"
EndProject
Project("{9A19103F-16F7-4668-BE54-9A1E7A4F7556}") = "Samples.DI.Registration.AspNetCore", "Samples.DI.Registration.AspNetCore\Samples.DI.Registration.AspNetCore.csproj", "{FEF912AC-6947-48DF-8D34-0CEB581770ED}"
EndProject
Project("{9A19103F-16F7-4668-BE54-9A1E7A4F7556}") = "Samples.DI.AspNetCore.WebAPI", "Samples.DI.AspNetCore.WebAPI\Samples.DI.AspNetCore.WebAPI.csproj", "{C8F86BBC-6812-4BE3-A6A7-FE7AD940D300}"
EndProject
Project("{9A19103F-16F7-4668-BE54-9A1E7A4F7556}") = "Samples.DI.CastleWindsor.ConsoleApp", "Samples.DI.CastleWindsor.ConsoleApp\Samples.DI.CastleWindsor.ConsoleApp.csproj", "{6F7823BB-8E55-4F61-8AA1-C3C3C78C6595}"
EndProject
Project("{9A19103F-16F7-4668-BE54-9A1E7A4F7556}") = "Samples.DI.AspNetCore.ConsoleApp", "Samples.DI.AspNetCore.ConsoleApp\Samples.DI.AspNetCore.ConsoleApp.csproj", "{18560243-1F6F-49A8-9E78-0AABAE960EDF}"
EndProject
Global
	GlobalSection(SolutionConfigurationPlatforms) = preSolution
		Debug|Any CPU = Debug|Any CPU
		Release|Any CPU = Release|Any CPU
	EndGlobalSection
	GlobalSection(ProjectConfigurationPlatforms) = postSolution
		{86A8D765-AD23-4907-86F8-B337CC50E7FC}.Debug|Any CPU.ActiveCfg = Debug|Any CPU
		{86A8D765-AD23-4907-86F8-B337CC50E7FC}.Debug|Any CPU.Build.0 = Debug|Any CPU
		{86A8D765-AD23-4907-86F8-B337CC50E7FC}.Release|Any CPU.ActiveCfg = Release|Any CPU
		{86A8D765-AD23-4907-86F8-B337CC50E7FC}.Release|Any CPU.Build.0 = Release|Any CPU
		{5651270E-AD08-4F49-B5FE-C6105E1A0A09}.Debug|Any CPU.ActiveCfg = Debug|Any CPU
		{5651270E-AD08-4F49-B5FE-C6105E1A0A09}.Debug|Any CPU.Build.0 = Debug|Any CPU
		{5651270E-AD08-4F49-B5FE-C6105E1A0A09}.Release|Any CPU.ActiveCfg = Release|Any CPU
		{5651270E-AD08-4F49-B5FE-C6105E1A0A09}.Release|Any CPU.Build.0 = Release|Any CPU
		{FEF912AC-6947-48DF-8D34-0CEB581770ED}.Debug|Any CPU.ActiveCfg = Debug|Any CPU
		{FEF912AC-6947-48DF-8D34-0CEB581770ED}.Debug|Any CPU.Build.0 = Debug|Any CPU
		{FEF912AC-6947-48DF-8D34-0CEB581770ED}.Release|Any CPU.ActiveCfg = Release|Any CPU
		{FEF912AC-6947-48DF-8D34-0CEB581770ED}.Release|Any CPU.Build.0 = Release|Any CPU
		{C8F86BBC-6812-4BE3-A6A7-FE7AD940D300}.Debug|Any CPU.ActiveCfg = Debug|Any CPU
		{C8F86BBC-6812-4BE3-A6A7-FE7AD940D300}.Debug|Any CPU.Build.0 = Debug|Any CPU
		{C8F86BBC-6812-4BE3-A6A7-FE7AD940D300}.Release|Any CPU.ActiveCfg = Release|Any CPU
		{C8F86BBC-6812-4BE3-A6A7-FE7AD940D300}.Release|Any CPU.Build.0 = Release|Any CPU
		{6F7823BB-8E55-4F61-8AA1-C3C3C78C6595}.Debug|Any CPU.ActiveCfg = Debug|Any CPU
		{6F7823BB-8E55-4F61-8AA1-C3C3C78C6595}.Debug|Any CPU.Build.0 = Debug|Any CPU
		{6F7823BB-8E55-4F61-8AA1-C3C3C78C6595}.Release|Any CPU.ActiveCfg = Release|Any CPU
		{6F7823BB-8E55-4F61-8AA1-C3C3C78C6595}.Release|Any CPU.Build.0 = Release|Any CPU
		{18560243-1F6F-49A8-9E78-0AABAE960EDF}.Debug|Any CPU.ActiveCfg = Debug|Any CPU
		{18560243-1F6F-49A8-9E78-0AABAE960EDF}.Debug|Any CPU.Build.0 = Debug|Any CPU
		{18560243-1F6F-49A8-9E78-0AABAE960EDF}.Release|Any CPU.ActiveCfg = Release|Any CPU
		{18560243-1F6F-49A8-9E78-0AABAE960EDF}.Release|Any CPU.Build.0 = Release|Any CPU
	EndGlobalSection
	GlobalSection(SolutionProperties) = preSolution
		HideSolutionNode = FALSE
	EndGlobalSection
	GlobalSection(ExtensibilityGlobals) = postSolution
		SolutionGuid = {A8D2DD2A-F4C3-459D-AEB3-882C30000038}
	EndGlobalSection
EndGlobal
